
Microsoft Visual Studio Solution File, Format Version 12.00
# Visual Studio Version 16
VisualStudioVersion = 16.0.29613.14
MinimumVisualStudioVersion = 10.0.40219.1
Project("{FAE04EC0-301F-11D3-BF4B-00C04F79EFBC}") = "GIBFramework", "GIBFramework\GIBFramework.csproj", "{D0E393AB-A187-4C67-A8E6-32F369B98BED}"
EndProject
Project("{FAE04EC0-301F-11D3-BF4B-00C04F79EFBC}") = "GIBProviders", "GIBProviders\GIBProviders.csproj", "{009A3339-1BC5-4B69-9A35-FCCEE9DA474B}"
EndProject
Project("{FAE04EC0-301F-11D3-BF4B-00C04F79EFBC}") = "GIBInterface", "GIBInterface\GIBInterface.csproj", "{6ECBF576-2350-45BA-A7E8-1F005897CE41}"
EndProject
Project("{FAE04EC0-301F-11D3-BF4B-00C04F79EFBC}") = "SampleApp", "SampleApp\SampleApp.csproj", "{7CF5B4F1-6573-43EF-BA98-7DA6120008DC}"
EndProject
Project("{FAE04EC0-301F-11D3-BF4B-00C04F79EFBC}") = "Tools", "Tools\Tools.csproj", "{10A25B0B-C48D-43BA-A6C1-4BE1613DC896}"
EndProject
Project("{FAE04EC0-301F-11D3-BF4B-00C04F79EFBC}") = "GIBFrameworkTest", "GIBFrameworkTest\GIBFrameworkTest.csproj", "{28E39995-529C-45A3-857C-82181CF6EFCD}"
EndProject
Global
	GlobalSection(SolutionConfigurationPlatforms) = preSolution
		Debug|Any CPU = Debug|Any CPU
		Release|Any CPU = Release|Any CPU
	EndGlobalSection
	GlobalSection(ProjectConfigurationPlatforms) = postSolution
		{D0E393AB-A187-4C67-A8E6-32F369B98BED}.Debug|Any CPU.ActiveCfg = Debug|Any CPU
		{D0E393AB-A187-4C67-A8E6-32F369B98BED}.Debug|Any CPU.Build.0 = Debug|Any CPU
		{D0E393AB-A187-4C67-A8E6-32F369B98BED}.Release|Any CPU.ActiveCfg = Release|Any CPU
		{D0E393AB-A187-4C67-A8E6-32F369B98BED}.Release|Any CPU.Build.0 = Release|Any CPU
		{009A3339-1BC5-4B69-9A35-FCCEE9DA474B}.Debug|Any CPU.ActiveCfg = Debug|Any CPU
		{009A3339-1BC5-4B69-9A35-FCCEE9DA474B}.Debug|Any CPU.Build.0 = Debug|Any CPU
		{009A3339-1BC5-4B69-9A35-FCCEE9DA474B}.Release|Any CPU.ActiveCfg = Release|Any CPU
		{009A3339-1BC5-4B69-9A35-FCCEE9DA474B}.Release|Any CPU.Build.0 = Release|Any CPU
		{6ECBF576-2350-45BA-A7E8-1F005897CE41}.Debug|Any CPU.ActiveCfg = Debug|Any CPU
		{6ECBF576-2350-45BA-A7E8-1F005897CE41}.Debug|Any CPU.Build.0 = Debug|Any CPU
		{6ECBF576-2350-45BA-A7E8-1F005897CE41}.Release|Any CPU.ActiveCfg = Release|Any CPU
		{6ECBF576-2350-45BA-A7E8-1F005897CE41}.Release|Any CPU.Build.0 = Release|Any CPU
		{7CF5B4F1-6573-43EF-BA98-7DA6120008DC}.Debug|Any CPU.ActiveCfg = Debug|Any CPU
		{7CF5B4F1-6573-43EF-BA98-7DA6120008DC}.Debug|Any CPU.Build.0 = Debug|Any CPU
		{7CF5B4F1-6573-43EF-BA98-7DA6120008DC}.Release|Any CPU.ActiveCfg = Release|Any CPU
		{7CF5B4F1-6573-43EF-BA98-7DA6120008DC}.Release|Any CPU.Build.0 = Release|Any CPU
		{10A25B0B-C48D-43BA-A6C1-4BE1613DC896}.Debug|Any CPU.ActiveCfg = Debug|Any CPU
		{10A25B0B-C48D-43BA-A6C1-4BE1613DC896}.Debug|Any CPU.Build.0 = Debug|Any CPU
		{10A25B0B-C48D-43BA-A6C1-4BE1613DC896}.Release|Any CPU.ActiveCfg = Release|Any CPU
		{10A25B0B-C48D-43BA-A6C1-4BE1613DC896}.Release|Any CPU.Build.0 = Release|Any CPU
		{28E39995-529C-45A3-857C-82181CF6EFCD}.Debug|Any CPU.ActiveCfg = Debug|Any CPU
		{28E39995-529C-45A3-857C-82181CF6EFCD}.Debug|Any CPU.Build.0 = Debug|Any CPU
		{28E39995-529C-45A3-857C-82181CF6EFCD}.Release|Any CPU.ActiveCfg = Release|Any CPU
		{28E39995-529C-45A3-857C-82181CF6EFCD}.Release|Any CPU.Build.0 = Release|Any CPU
	EndGlobalSection
	GlobalSection(SolutionProperties) = preSolution
		HideSolutionNode = FALSE
	EndGlobalSection
	GlobalSection(ExtensibilityGlobals) = postSolution
		SolutionGuid = {10156FE7-ED3D-43F1-96FB-916AE1E34F35}
	EndGlobalSection
EndGlobal
