
Microsoft Visual Studio Solution File, Format Version 12.00
# Visual Studio Version 16
VisualStudioVersion = 16.0.29613.14
MinimumVisualStudioVersion = 10.0.40219.1
Project("{FAE04EC0-301F-11D3-BF4B-00C04F79EFBC}") = "GIBProviders", "GIBProviders\GIBProviders.csproj", "{009A3339-1BC5-4B69-9A35-FCCEE9DA474B}"
EndProject
Project("{FAE04EC0-301F-11D3-BF4B-00C04F79EFBC}") = "SampleApp", "SampleApp\SampleApp.csproj", "{7CF5B4F1-6573-43EF-BA98-7DA6120008DC}"
EndProject
Project("{FAE04EC0-301F-11D3-BF4B-00C04F79EFBC}") = "GIBFrameworkTest", "GIBFrameworkTest\GIBFrameworkTest.csproj", "{28E39995-529C-45A3-857C-82181CF6EFCD}"
EndProject
Project("{FAE04EC0-301F-11D3-BF4B-00C04F79EFBC}") = "SampleConsoleApp", "SampleConsoleApp\SampleConsoleApp.csproj", "{BFBDD268-2B43-4646-BAC5-0A7B1FFC1CC4}"
EndProject
Project("{9A19103F-16F7-4668-BE54-9A1E7A4F7556}") = "GIBFramework", "GIBFramework\GIBFramework.csproj", "{2298A663-F49D-4E6B-ACD8-62A5938C443D}"
EndProject
Project("{9A19103F-16F7-4668-BE54-9A1E7A4F7556}") = "SampleDotNetCore", "SampleDotNetCore\SampleDotNetCore.csproj", "{FC3D9719-2037-44EF-9B32-D3EA7B34C78B}"
EndProject
Project("{9A19103F-16F7-4668-BE54-9A1E7A4F7556}") = "GIBInterface", "GIBInterface\GIBInterface.csproj", "{66987639-5217-4631-A056-95DF83FA8A97}"
EndProject
Project("{FAE04EC0-301F-11D3-BF4B-00C04F79EFBC}") = "Tools", "Tools\Tools.csproj", "{B1CA40FA-0B00-4254-A46F-274A3DC62194}"
EndProject
Project("{2150E333-8FDC-42A3-9474-1A3956D46DE8}") = "Entegratorler", "Entegratorler", "{4CD967AA-F717-4135-84CF-008D70F7F55F}"
EndProject
Project("{FAE04EC0-301F-11D3-BF4B-00C04F79EFBC}") = "SahteEntegrator", "SahteEntegrator\SahteEntegrator.csproj", "{6F2A7C3E-902A-4338-A10F-E6B0A5660882}"
EndProject
Global
	GlobalSection(SolutionConfigurationPlatforms) = preSolution
		Debug|Any CPU = Debug|Any CPU
		Release|Any CPU = Release|Any CPU
	EndGlobalSection
	GlobalSection(ProjectConfigurationPlatforms) = postSolution
		{009A3339-1BC5-4B69-9A35-FCCEE9DA474B}.Debug|Any CPU.ActiveCfg = Debug|Any CPU
		{009A3339-1BC5-4B69-9A35-FCCEE9DA474B}.Debug|Any CPU.Build.0 = Debug|Any CPU
		{009A3339-1BC5-4B69-9A35-FCCEE9DA474B}.Release|Any CPU.ActiveCfg = Release|Any CPU
		{009A3339-1BC5-4B69-9A35-FCCEE9DA474B}.Release|Any CPU.Build.0 = Release|Any CPU
		{7CF5B4F1-6573-43EF-BA98-7DA6120008DC}.Debug|Any CPU.ActiveCfg = Debug|Any CPU
		{7CF5B4F1-6573-43EF-BA98-7DA6120008DC}.Debug|Any CPU.Build.0 = Debug|Any CPU
		{7CF5B4F1-6573-43EF-BA98-7DA6120008DC}.Release|Any CPU.ActiveCfg = Release|Any CPU
		{7CF5B4F1-6573-43EF-BA98-7DA6120008DC}.Release|Any CPU.Build.0 = Release|Any CPU
		{28E39995-529C-45A3-857C-82181CF6EFCD}.Debug|Any CPU.ActiveCfg = Debug|Any CPU
		{28E39995-529C-45A3-857C-82181CF6EFCD}.Debug|Any CPU.Build.0 = Debug|Any CPU
		{28E39995-529C-45A3-857C-82181CF6EFCD}.Release|Any CPU.ActiveCfg = Release|Any CPU
		{28E39995-529C-45A3-857C-82181CF6EFCD}.Release|Any CPU.Build.0 = Release|Any CPU
		{BFBDD268-2B43-4646-BAC5-0A7B1FFC1CC4}.Debug|Any CPU.ActiveCfg = Debug|Any CPU
		{BFBDD268-2B43-4646-BAC5-0A7B1FFC1CC4}.Debug|Any CPU.Build.0 = Debug|Any CPU
		{BFBDD268-2B43-4646-BAC5-0A7B1FFC1CC4}.Release|Any CPU.ActiveCfg = Release|Any CPU
		{BFBDD268-2B43-4646-BAC5-0A7B1FFC1CC4}.Release|Any CPU.Build.0 = Release|Any CPU
		{2298A663-F49D-4E6B-ACD8-62A5938C443D}.Debug|Any CPU.ActiveCfg = Debug|Any CPU
		{2298A663-F49D-4E6B-ACD8-62A5938C443D}.Debug|Any CPU.Build.0 = Debug|Any CPU
		{2298A663-F49D-4E6B-ACD8-62A5938C443D}.Release|Any CPU.ActiveCfg = Release|Any CPU
		{2298A663-F49D-4E6B-ACD8-62A5938C443D}.Release|Any CPU.Build.0 = Release|Any CPU
		{FC3D9719-2037-44EF-9B32-D3EA7B34C78B}.Debug|Any CPU.ActiveCfg = Debug|Any CPU
		{FC3D9719-2037-44EF-9B32-D3EA7B34C78B}.Debug|Any CPU.Build.0 = Debug|Any CPU
		{FC3D9719-2037-44EF-9B32-D3EA7B34C78B}.Release|Any CPU.ActiveCfg = Release|Any CPU
		{FC3D9719-2037-44EF-9B32-D3EA7B34C78B}.Release|Any CPU.Build.0 = Release|Any CPU
		{66987639-5217-4631-A056-95DF83FA8A97}.Debug|Any CPU.ActiveCfg = Debug|Any CPU
		{66987639-5217-4631-A056-95DF83FA8A97}.Debug|Any CPU.Build.0 = Debug|Any CPU
		{66987639-5217-4631-A056-95DF83FA8A97}.Release|Any CPU.ActiveCfg = Release|Any CPU
		{66987639-5217-4631-A056-95DF83FA8A97}.Release|Any CPU.Build.0 = Release|Any CPU
		{B1CA40FA-0B00-4254-A46F-274A3DC62194}.Debug|Any CPU.ActiveCfg = Debug|Any CPU
		{B1CA40FA-0B00-4254-A46F-274A3DC62194}.Debug|Any CPU.Build.0 = Debug|Any CPU
		{B1CA40FA-0B00-4254-A46F-274A3DC62194}.Release|Any CPU.ActiveCfg = Release|Any CPU
		{B1CA40FA-0B00-4254-A46F-274A3DC62194}.Release|Any CPU.Build.0 = Release|Any CPU
		{6F2A7C3E-902A-4338-A10F-E6B0A5660882}.Debug|Any CPU.ActiveCfg = Debug|Any CPU
		{6F2A7C3E-902A-4338-A10F-E6B0A5660882}.Debug|Any CPU.Build.0 = Debug|Any CPU
		{6F2A7C3E-902A-4338-A10F-E6B0A5660882}.Release|Any CPU.ActiveCfg = Release|Any CPU
		{6F2A7C3E-902A-4338-A10F-E6B0A5660882}.Release|Any CPU.Build.0 = Release|Any CPU
	EndGlobalSection
	GlobalSection(SolutionProperties) = preSolution
		HideSolutionNode = FALSE
	EndGlobalSection
	GlobalSection(NestedProjects) = preSolution
		{6F2A7C3E-902A-4338-A10F-E6B0A5660882} = {4CD967AA-F717-4135-84CF-008D70F7F55F}
	EndGlobalSection
	GlobalSection(ExtensibilityGlobals) = postSolution
		SolutionGuid = {10156FE7-ED3D-43F1-96FB-916AE1E34F35}
	EndGlobalSection
EndGlobal
