
Microsoft Visual Studio Solution File, Format Version 12.00
# Visual Studio Version 17
VisualStudioVersion = 17.4.33213.308
MinimumVisualStudioVersion = 10.0.40219.1
Project("{FAE04EC0-301F-11D3-BF4B-00C04F79EFBC}") = "SampleApp", "SampleApp\SampleApp.csproj", "{7CF5B4F1-6573-43EF-BA98-7DA6120008DC}"
EndProject
Project("{FAE04EC0-301F-11D3-BF4B-00C04F79EFBC}") = "GIBFrameworkTest", "GIBFrameworkTest\GIBFrameworkTest.csproj", "{28E39995-529C-45A3-857C-82181CF6EFCD}"
EndProject
Project("{FAE04EC0-301F-11D3-BF4B-00C04F79EFBC}") = "SampleConsoleApp", "SampleConsoleApp\SampleConsoleApp.csproj", "{BFBDD268-2B43-4646-BAC5-0A7B1FFC1CC4}"
EndProject
Project("{9A19103F-16F7-4668-BE54-9A1E7A4F7556}") = "GIBFramework", "GIBFramework\GIBFramework.csproj", "{2298A663-F49D-4E6B-ACD8-62A5938C443D}"
EndProject
Project("{9A19103F-16F7-4668-BE54-9A1E7A4F7556}") = "SampleDotNetCore", "SampleDotNetCore\SampleDotNetCore.csproj", "{FC3D9719-2037-44EF-9B32-D3EA7B34C78B}"
EndProject
Project("{9A19103F-16F7-4668-BE54-9A1E7A4F7556}") = "GIBInterface", "GIBInterface\GIBInterface.csproj", "{66987639-5217-4631-A056-95DF83FA8A97}"
EndProject
Project("{9A19103F-16F7-4668-BE54-9A1E7A4F7556}") = "Tools", "Tools\Tools.csproj", "{B1CA40FA-0B00-4254-A46F-274A3DC62194}"
EndProject
Project("{2150E333-8FDC-42A3-9474-1A3956D46DE8}") = "Entegratorler", "Entegratorler", "{4CD967AA-F717-4135-84CF-008D70F7F55F}"
EndProject
Project("{9A19103F-16F7-4668-BE54-9A1E7A4F7556}") = "SahteEntegrator", "SahteEntegrator\SahteEntegrator.csproj", "{6F2A7C3E-902A-4338-A10F-E6B0A5660882}"
EndProject
Project("{2150E333-8FDC-42A3-9474-1A3956D46DE8}") = "Uyumsoft", "Uyumsoft", "{39CCB027-13F6-4C1A-89DE-D0AE02CF2DFD}"
EndProject
Project("{9A19103F-16F7-4668-BE54-9A1E7A4F7556}") = "UyumsoftDotNetStandart", "UyumsoftDotNetStandart\UyumsoftDotNetStandart.csproj", "{55A0134D-3A20-4934-A05C-61AA30E68A93}"
EndProject
Project("{FAE04EC0-301F-11D3-BF4B-00C04F79EFBC}") = "Uyumsoft", "Uyumsoft\Uyumsoft.csproj", "{F0433BD5-2245-486D-942B-213844C61346}"
EndProject
Project("{2150E333-8FDC-42A3-9474-1A3956D46DE8}") = "Veriban", "Veriban", "{651F0A05-B4D0-4678-8345-68CAB9758168}"
EndProject
Project("{2150E333-8FDC-42A3-9474-1A3956D46DE8}") = "Logo", "Logo", "{7BC38CB4-9605-42D0-97D9-B6B8FE54C825}"
EndProject
Project("{FAE04EC0-301F-11D3-BF4B-00C04F79EFBC}") = "Veriban", "Veriban\Veriban.csproj", "{35F1AB99-B942-4F7F-BAE3-EDF62B2455B8}"
EndProject
Project("{FAE04EC0-301F-11D3-BF4B-00C04F79EFBC}") = "Logo", "Logo\Logo.csproj", "{366C4BE5-7B32-46FE-949A-806B324AB382}"
EndProject
Project("{2150E333-8FDC-42A3-9474-1A3956D46DE8}") = "ESMM", "ESMM", "{167C1934-93D0-4608-878D-DBA23DDC9404}"
EndProject
Project("{2150E333-8FDC-42A3-9474-1A3956D46DE8}") = "EMM", "EMM", "{D2449D75-67C8-4253-B301-FA54421DE50C}"
EndProject
Project("{2150E333-8FDC-42A3-9474-1A3956D46DE8}") = "EIrsaliye", "EIrsaliye", "{234CEDB3-52BB-46AA-AA66-25B386F1EE64}"
EndProject
Project("{2150E333-8FDC-42A3-9474-1A3956D46DE8}") = "EArsiv", "EArsiv", "{11769736-0FF2-45A1-B07D-0B09AB898BFC}"
EndProject
Global
	GlobalSection(SolutionConfigurationPlatforms) = preSolution
		Debug|Any CPU = Debug|Any CPU
		Release|Any CPU = Release|Any CPU
	EndGlobalSection
	GlobalSection(ProjectConfigurationPlatforms) = postSolution
		{7CF5B4F1-6573-43EF-BA98-7DA6120008DC}.Debug|Any CPU.ActiveCfg = Debug|Any CPU
		{7CF5B4F1-6573-43EF-BA98-7DA6120008DC}.Debug|Any CPU.Build.0 = Debug|Any CPU
		{7CF5B4F1-6573-43EF-BA98-7DA6120008DC}.Release|Any CPU.ActiveCfg = Release|Any CPU
		{7CF5B4F1-6573-43EF-BA98-7DA6120008DC}.Release|Any CPU.Build.0 = Release|Any CPU
		{28E39995-529C-45A3-857C-82181CF6EFCD}.Debug|Any CPU.ActiveCfg = Debug|Any CPU
		{28E39995-529C-45A3-857C-82181CF6EFCD}.Debug|Any CPU.Build.0 = Debug|Any CPU
		{28E39995-529C-45A3-857C-82181CF6EFCD}.Release|Any CPU.ActiveCfg = Release|Any CPU
		{28E39995-529C-45A3-857C-82181CF6EFCD}.Release|Any CPU.Build.0 = Release|Any CPU
		{BFBDD268-2B43-4646-BAC5-0A7B1FFC1CC4}.Debug|Any CPU.ActiveCfg = Debug|Any CPU
		{BFBDD268-2B43-4646-BAC5-0A7B1FFC1CC4}.Debug|Any CPU.Build.0 = Debug|Any CPU
		{BFBDD268-2B43-4646-BAC5-0A7B1FFC1CC4}.Release|Any CPU.ActiveCfg = Release|Any CPU
		{BFBDD268-2B43-4646-BAC5-0A7B1FFC1CC4}.Release|Any CPU.Build.0 = Release|Any CPU
		{2298A663-F49D-4E6B-ACD8-62A5938C443D}.Debug|Any CPU.ActiveCfg = Debug|Any CPU
		{2298A663-F49D-4E6B-ACD8-62A5938C443D}.Debug|Any CPU.Build.0 = Debug|Any CPU
		{2298A663-F49D-4E6B-ACD8-62A5938C443D}.Release|Any CPU.ActiveCfg = Release|Any CPU
		{2298A663-F49D-4E6B-ACD8-62A5938C443D}.Release|Any CPU.Build.0 = Release|Any CPU
		{FC3D9719-2037-44EF-9B32-D3EA7B34C78B}.Debug|Any CPU.ActiveCfg = Debug|Any CPU
		{FC3D9719-2037-44EF-9B32-D3EA7B34C78B}.Debug|Any CPU.Build.0 = Debug|Any CPU
		{FC3D9719-2037-44EF-9B32-D3EA7B34C78B}.Release|Any CPU.ActiveCfg = Release|Any CPU
		{FC3D9719-2037-44EF-9B32-D3EA7B34C78B}.Release|Any CPU.Build.0 = Release|Any CPU
		{66987639-5217-4631-A056-95DF83FA8A97}.Debug|Any CPU.ActiveCfg = Debug|Any CPU
		{66987639-5217-4631-A056-95DF83FA8A97}.Debug|Any CPU.Build.0 = Debug|Any CPU
		{66987639-5217-4631-A056-95DF83FA8A97}.Release|Any CPU.ActiveCfg = Release|Any CPU
		{66987639-5217-4631-A056-95DF83FA8A97}.Release|Any CPU.Build.0 = Release|Any CPU
		{B1CA40FA-0B00-4254-A46F-274A3DC62194}.Debug|Any CPU.ActiveCfg = Debug|Any CPU
		{B1CA40FA-0B00-4254-A46F-274A3DC62194}.Debug|Any CPU.Build.0 = Debug|Any CPU
		{B1CA40FA-0B00-4254-A46F-274A3DC62194}.Release|Any CPU.ActiveCfg = Release|Any CPU
		{B1CA40FA-0B00-4254-A46F-274A3DC62194}.Release|Any CPU.Build.0 = Release|Any CPU
		{6F2A7C3E-902A-4338-A10F-E6B0A5660882}.Debug|Any CPU.ActiveCfg = Debug|Any CPU
		{6F2A7C3E-902A-4338-A10F-E6B0A5660882}.Debug|Any CPU.Build.0 = Debug|Any CPU
		{6F2A7C3E-902A-4338-A10F-E6B0A5660882}.Release|Any CPU.ActiveCfg = Release|Any CPU
		{6F2A7C3E-902A-4338-A10F-E6B0A5660882}.Release|Any CPU.Build.0 = Release|Any CPU
		{55A0134D-3A20-4934-A05C-61AA30E68A93}.Debug|Any CPU.ActiveCfg = Debug|Any CPU
		{55A0134D-3A20-4934-A05C-61AA30E68A93}.Debug|Any CPU.Build.0 = Debug|Any CPU
		{55A0134D-3A20-4934-A05C-61AA30E68A93}.Release|Any CPU.ActiveCfg = Release|Any CPU
		{55A0134D-3A20-4934-A05C-61AA30E68A93}.Release|Any CPU.Build.0 = Release|Any CPU
		{F0433BD5-2245-486D-942B-213844C61346}.Debug|Any CPU.ActiveCfg = Debug|Any CPU
		{F0433BD5-2245-486D-942B-213844C61346}.Debug|Any CPU.Build.0 = Debug|Any CPU
		{F0433BD5-2245-486D-942B-213844C61346}.Release|Any CPU.ActiveCfg = Release|Any CPU
		{F0433BD5-2245-486D-942B-213844C61346}.Release|Any CPU.Build.0 = Release|Any CPU
		{35F1AB99-B942-4F7F-BAE3-EDF62B2455B8}.Debug|Any CPU.ActiveCfg = Debug|Any CPU
		{35F1AB99-B942-4F7F-BAE3-EDF62B2455B8}.Debug|Any CPU.Build.0 = Debug|Any CPU
		{35F1AB99-B942-4F7F-BAE3-EDF62B2455B8}.Release|Any CPU.ActiveCfg = Release|Any CPU
		{35F1AB99-B942-4F7F-BAE3-EDF62B2455B8}.Release|Any CPU.Build.0 = Release|Any CPU
		{366C4BE5-7B32-46FE-949A-806B324AB382}.Debug|Any CPU.ActiveCfg = Debug|Any CPU
		{366C4BE5-7B32-46FE-949A-806B324AB382}.Debug|Any CPU.Build.0 = Debug|Any CPU
		{366C4BE5-7B32-46FE-949A-806B324AB382}.Release|Any CPU.ActiveCfg = Release|Any CPU
		{366C4BE5-7B32-46FE-949A-806B324AB382}.Release|Any CPU.Build.0 = Release|Any CPU
	EndGlobalSection
	GlobalSection(SolutionProperties) = preSolution
		HideSolutionNode = FALSE
	EndGlobalSection
	GlobalSection(NestedProjects) = preSolution
		{6F2A7C3E-902A-4338-A10F-E6B0A5660882} = {4CD967AA-F717-4135-84CF-008D70F7F55F}
		{39CCB027-13F6-4C1A-89DE-D0AE02CF2DFD} = {4CD967AA-F717-4135-84CF-008D70F7F55F}
		{55A0134D-3A20-4934-A05C-61AA30E68A93} = {39CCB027-13F6-4C1A-89DE-D0AE02CF2DFD}
		{F0433BD5-2245-486D-942B-213844C61346} = {39CCB027-13F6-4C1A-89DE-D0AE02CF2DFD}
		{651F0A05-B4D0-4678-8345-68CAB9758168} = {4CD967AA-F717-4135-84CF-008D70F7F55F}
		{7BC38CB4-9605-42D0-97D9-B6B8FE54C825} = {4CD967AA-F717-4135-84CF-008D70F7F55F}
		{35F1AB99-B942-4F7F-BAE3-EDF62B2455B8} = {651F0A05-B4D0-4678-8345-68CAB9758168}
		{366C4BE5-7B32-46FE-949A-806B324AB382} = {7BC38CB4-9605-42D0-97D9-B6B8FE54C825}
		{167C1934-93D0-4608-878D-DBA23DDC9404} = {39CCB027-13F6-4C1A-89DE-D0AE02CF2DFD}
		{D2449D75-67C8-4253-B301-FA54421DE50C} = {39CCB027-13F6-4C1A-89DE-D0AE02CF2DFD}
		{234CEDB3-52BB-46AA-AA66-25B386F1EE64} = {39CCB027-13F6-4C1A-89DE-D0AE02CF2DFD}
		{11769736-0FF2-45A1-B07D-0B09AB898BFC} = {39CCB027-13F6-4C1A-89DE-D0AE02CF2DFD}
	EndGlobalSection
	GlobalSection(ExtensibilityGlobals) = postSolution
		SolutionGuid = {10156FE7-ED3D-43F1-96FB-916AE1E34F35}
	EndGlobalSection
EndGlobal
